
Microsoft Visual Studio Solution File, Format Version 12.00
# Visual Studio 14
VisualStudioVersion = 14.0.23107.0
MinimumVisualStudioVersion = 10.0.40219.1
Project("{2150E333-8FDC-42A3-9474-1A3956D46DE8}") = "Solution Items", "Solution Items", "{0D592E61-EB06-4B11-ADEB-2BC0557E415A}"
	ProjectSection(SolutionItems) = preProject
		global.json = global.json
		NuGet.Config = NuGet.Config
		Readme.md = Readme.md
	EndProjectSection
EndProject
Project("{8BB2217D-0F2D-49D1-97BC-3654ED321F3B}") = "AzureApiHelpers", "AzureApiHelpers\AzureApiHelpers.xproj", "{63770EC4-4D55-45F1-B516-7AAD3B618A61}"
EndProject
Global
	GlobalSection(SolutionConfigurationPlatforms) = preSolution
		Debug|Any CPU = Debug|Any CPU
		Release|Any CPU = Release|Any CPU
	EndGlobalSection
	GlobalSection(ProjectConfigurationPlatforms) = postSolution
		{63770EC4-4D55-45F1-B516-7AAD3B618A61}.Debug|Any CPU.ActiveCfg = Debug|Any CPU
		{63770EC4-4D55-45F1-B516-7AAD3B618A61}.Debug|Any CPU.Build.0 = Debug|Any CPU
		{63770EC4-4D55-45F1-B516-7AAD3B618A61}.Release|Any CPU.ActiveCfg = Release|Any CPU
		{63770EC4-4D55-45F1-B516-7AAD3B618A61}.Release|Any CPU.Build.0 = Release|Any CPU
	EndGlobalSection
	GlobalSection(SolutionProperties) = preSolution
		HideSolutionNode = FALSE
	EndGlobalSection
EndGlobal
